
Microsoft Visual Studio Solution File, Format Version 12.00
# Visual Studio Version 16
VisualStudioVersion = 16.0.30523.141
MinimumVisualStudioVersion = 10.0.40219.1
Project("{9A19103F-16F7-4668-BE54-9A1E7A4F7556}") = "ToPage", "ToPage\ToPage.csproj", "{CA0BC097-0058-45D6-A435-8486161184E3}"
EndProject
Project("{9A19103F-16F7-4668-BE54-9A1E7A4F7556}") = "ToPage.Tests", "ToPage.Tests\ToPage.Tests.csproj", "{3D67D19F-E26B-40F5-8106-4981AD835F60}"
EndProject
Project("{FAE04EC0-301F-11D3-BF4B-00C04F79EFBC}") = "ToPage.EF6", "ToPage.EF6\ToPage.EF6.csproj", "{9CDE7D95-091D-4654-9422-95F29232CD28}"
EndProject
Project("{9A19103F-16F7-4668-BE54-9A1E7A4F7556}") = "ToPage.EFCore", "ToPage.EFCore\ToPage.EFCore.csproj", "{17FCCE49-C5CE-4E00-9BBC-85D331B21C97}"
EndProject
Project("{2150E333-8FDC-42A3-9474-1A3956D46DE8}") = "Examples", "Examples", "{28D35590-ED1C-4649-A560-2FCFD50567C4}"
EndProject
Project("{FAE04EC0-301F-11D3-BF4B-00C04F79EFBC}") = "Basic", "Basic\Basic.csproj", "{492A2BE3-C937-4804-8B5D-A851B94633C2}"
EndProject
Global
	GlobalSection(SolutionConfigurationPlatforms) = preSolution
		Debug|Any CPU = Debug|Any CPU
		Release|Any CPU = Release|Any CPU
	EndGlobalSection
	GlobalSection(ProjectConfigurationPlatforms) = postSolution
		{CA0BC097-0058-45D6-A435-8486161184E3}.Debug|Any CPU.ActiveCfg = Debug|Any CPU
		{CA0BC097-0058-45D6-A435-8486161184E3}.Debug|Any CPU.Build.0 = Debug|Any CPU
		{CA0BC097-0058-45D6-A435-8486161184E3}.Release|Any CPU.ActiveCfg = Release|Any CPU
		{CA0BC097-0058-45D6-A435-8486161184E3}.Release|Any CPU.Build.0 = Release|Any CPU
		{3D67D19F-E26B-40F5-8106-4981AD835F60}.Debug|Any CPU.ActiveCfg = Debug|Any CPU
		{3D67D19F-E26B-40F5-8106-4981AD835F60}.Debug|Any CPU.Build.0 = Debug|Any CPU
		{3D67D19F-E26B-40F5-8106-4981AD835F60}.Release|Any CPU.ActiveCfg = Release|Any CPU
		{3D67D19F-E26B-40F5-8106-4981AD835F60}.Release|Any CPU.Build.0 = Release|Any CPU
		{9CDE7D95-091D-4654-9422-95F29232CD28}.Debug|Any CPU.ActiveCfg = Debug|Any CPU
		{9CDE7D95-091D-4654-9422-95F29232CD28}.Debug|Any CPU.Build.0 = Debug|Any CPU
		{9CDE7D95-091D-4654-9422-95F29232CD28}.Release|Any CPU.ActiveCfg = Release|Any CPU
		{9CDE7D95-091D-4654-9422-95F29232CD28}.Release|Any CPU.Build.0 = Release|Any CPU
		{17FCCE49-C5CE-4E00-9BBC-85D331B21C97}.Debug|Any CPU.ActiveCfg = Debug|Any CPU
		{17FCCE49-C5CE-4E00-9BBC-85D331B21C97}.Debug|Any CPU.Build.0 = Debug|Any CPU
		{17FCCE49-C5CE-4E00-9BBC-85D331B21C97}.Release|Any CPU.ActiveCfg = Release|Any CPU
		{17FCCE49-C5CE-4E00-9BBC-85D331B21C97}.Release|Any CPU.Build.0 = Release|Any CPU
		{492A2BE3-C937-4804-8B5D-A851B94633C2}.Debug|Any CPU.ActiveCfg = Debug|Any CPU
		{492A2BE3-C937-4804-8B5D-A851B94633C2}.Debug|Any CPU.Build.0 = Debug|Any CPU
		{492A2BE3-C937-4804-8B5D-A851B94633C2}.Release|Any CPU.ActiveCfg = Release|Any CPU
		{492A2BE3-C937-4804-8B5D-A851B94633C2}.Release|Any CPU.Build.0 = Release|Any CPU
	EndGlobalSection
	GlobalSection(SolutionProperties) = preSolution
		HideSolutionNode = FALSE
	EndGlobalSection
	GlobalSection(NestedProjects) = preSolution
		{492A2BE3-C937-4804-8B5D-A851B94633C2} = {28D35590-ED1C-4649-A560-2FCFD50567C4}
	EndGlobalSection
	GlobalSection(ExtensibilityGlobals) = postSolution
		SolutionGuid = {A69D12FA-8CAB-45D8-895C-48973A0A2ADA}
	EndGlobalSection
EndGlobal
